
Microsoft Visual Studio Solution File, Format Version 12.00
# Visual Studio Version 17
VisualStudioVersion = 17.3.32811.315
MinimumVisualStudioVersion = 10.0.40219.1
Project("{FAE04EC0-301F-11D3-BF4B-00C04F79EFBC}") = "13 Dialog result kontrola", "13 Dialog result kontrola.csproj", "{C6108F2C-4C6C-4F86-944C-0A0CF798039D}"
EndProject
Global
	GlobalSection(SolutionConfigurationPlatforms) = preSolution
		Debug|Any CPU = Debug|Any CPU
		Release|Any CPU = Release|Any CPU
	EndGlobalSection
	GlobalSection(ProjectConfigurationPlatforms) = postSolution
		{C6108F2C-4C6C-4F86-944C-0A0CF798039D}.Debug|Any CPU.ActiveCfg = Debug|Any CPU
		{C6108F2C-4C6C-4F86-944C-0A0CF798039D}.Debug|Any CPU.Build.0 = Debug|Any CPU
		{C6108F2C-4C6C-4F86-944C-0A0CF798039D}.Release|Any CPU.ActiveCfg = Release|Any CPU
		{C6108F2C-4C6C-4F86-944C-0A0CF798039D}.Release|Any CPU.Build.0 = Release|Any CPU
	EndGlobalSection
	GlobalSection(SolutionProperties) = preSolution
		HideSolutionNode = FALSE
	EndGlobalSection
	GlobalSection(ExtensibilityGlobals) = postSolution
		SolutionGuid = {B3222123-27E4-49FB-B4D5-24CCD9012216}
	EndGlobalSection
EndGlobal
